
Microsoft Visual Studio Solution File, Format Version 12.00
# Visual Studio Version 17
VisualStudioVersion = 17.5.33502.453
MinimumVisualStudioVersion = 10.0.40219.1
Project("{FAE04EC0-301F-11D3-BF4B-00C04F79EFBC}") = "ExercicioUsandoList2", "ExercicioUsandoList2\ExercicioUsandoList2.csproj", "{0D395BE9-62FC-485A-BCA3-1B63467CA70C}"
EndProject
Global
	GlobalSection(SolutionConfigurationPlatforms) = preSolution
		Debug|Any CPU = Debug|Any CPU
		Release|Any CPU = Release|Any CPU
	EndGlobalSection
	GlobalSection(ProjectConfigurationPlatforms) = postSolution
		{0D395BE9-62FC-485A-BCA3-1B63467CA70C}.Debug|Any CPU.ActiveCfg = Debug|Any CPU
		{0D395BE9-62FC-485A-BCA3-1B63467CA70C}.Debug|Any CPU.Build.0 = Debug|Any CPU
		{0D395BE9-62FC-485A-BCA3-1B63467CA70C}.Release|Any CPU.ActiveCfg = Release|Any CPU
		{0D395BE9-62FC-485A-BCA3-1B63467CA70C}.Release|Any CPU.Build.0 = Release|Any CPU
	EndGlobalSection
	GlobalSection(SolutionProperties) = preSolution
		HideSolutionNode = FALSE
	EndGlobalSection
	GlobalSection(ExtensibilityGlobals) = postSolution
		SolutionGuid = {D21EC0A3-706E-4BC1-8350-C67375C00E56}
	EndGlobalSection
EndGlobal
