
Microsoft Visual Studio Solution File, Format Version 12.00
# Visual Studio Version 17
VisualStudioVersion = 17.5.33502.453
MinimumVisualStudioVersion = 10.0.40219.1
Project("{FAE04EC0-301F-11D3-BF4B-00C04F79EFBC}") = "ExercicioMatriz01", "ExercicioMatriz01\ExercicioMatriz01.csproj", "{FE71B092-7174-4E53-8BE4-884062A644B4}"
EndProject
Global
	GlobalSection(SolutionConfigurationPlatforms) = preSolution
		Debug|Any CPU = Debug|Any CPU
		Release|Any CPU = Release|Any CPU
	EndGlobalSection
	GlobalSection(ProjectConfigurationPlatforms) = postSolution
		{FE71B092-7174-4E53-8BE4-884062A644B4}.Debug|Any CPU.ActiveCfg = Debug|Any CPU
		{FE71B092-7174-4E53-8BE4-884062A644B4}.Debug|Any CPU.Build.0 = Debug|Any CPU
		{FE71B092-7174-4E53-8BE4-884062A644B4}.Release|Any CPU.ActiveCfg = Release|Any CPU
		{FE71B092-7174-4E53-8BE4-884062A644B4}.Release|Any CPU.Build.0 = Release|Any CPU
	EndGlobalSection
	GlobalSection(SolutionProperties) = preSolution
		HideSolutionNode = FALSE
	EndGlobalSection
	GlobalSection(ExtensibilityGlobals) = postSolution
		SolutionGuid = {5BC48A76-84CF-4D8B-9CA3-549CC27B8C2D}
	EndGlobalSection
EndGlobal
